
Microsoft Visual Studio Solution File, Format Version 12.00
# Visual Studio Version 16
VisualStudioVersion = 16.0.31605.320
MinimumVisualStudioVersion = 10.0.40219.1
Project("{9A19103F-16F7-4668-BE54-9A1E7A4F7556}") = "ClientUI", "ClientUI\ClientUI.csproj", "{B787F5C7-D1BF-4047-957F-1863D0DD70E3}"
EndProject
Project("{9A19103F-16F7-4668-BE54-9A1E7A4F7556}") = "TMS.Models", "TMS.Models\TMS.Models.csproj", "{6BFD7CD5-9CB7-4358-83AE-04A281E831E8}"
EndProject
Project("{9A19103F-16F7-4668-BE54-9A1E7A4F7556}") = "TMS.API", "TMS.API\TMS.API.csproj", "{98828BA2-2F66-4FFD-818C-B733274608AD}"
EndProject
Global
	GlobalSection(SolutionConfigurationPlatforms) = preSolution
		Debug|Any CPU = Debug|Any CPU
		Release|Any CPU = Release|Any CPU
	EndGlobalSection
	GlobalSection(ProjectConfigurationPlatforms) = postSolution
		{B787F5C7-D1BF-4047-957F-1863D0DD70E3}.Debug|Any CPU.ActiveCfg = Debug|Any CPU
		{B787F5C7-D1BF-4047-957F-1863D0DD70E3}.Debug|Any CPU.Build.0 = Debug|Any CPU
		{B787F5C7-D1BF-4047-957F-1863D0DD70E3}.Release|Any CPU.ActiveCfg = Release|Any CPU
		{B787F5C7-D1BF-4047-957F-1863D0DD70E3}.Release|Any CPU.Build.0 = Release|Any CPU
		{6BFD7CD5-9CB7-4358-83AE-04A281E831E8}.Debug|Any CPU.ActiveCfg = Debug|Any CPU
		{6BFD7CD5-9CB7-4358-83AE-04A281E831E8}.Debug|Any CPU.Build.0 = Debug|Any CPU
		{6BFD7CD5-9CB7-4358-83AE-04A281E831E8}.Release|Any CPU.ActiveCfg = Release|Any CPU
		{6BFD7CD5-9CB7-4358-83AE-04A281E831E8}.Release|Any CPU.Build.0 = Release|Any CPU
		{98828BA2-2F66-4FFD-818C-B733274608AD}.Debug|Any CPU.ActiveCfg = Debug|Any CPU
		{98828BA2-2F66-4FFD-818C-B733274608AD}.Debug|Any CPU.Build.0 = Debug|Any CPU
		{98828BA2-2F66-4FFD-818C-B733274608AD}.Release|Any CPU.ActiveCfg = Release|Any CPU
		{98828BA2-2F66-4FFD-818C-B733274608AD}.Release|Any CPU.Build.0 = Release|Any CPU
	EndGlobalSection
	GlobalSection(SolutionProperties) = preSolution
		HideSolutionNode = FALSE
	EndGlobalSection
	GlobalSection(ExtensibilityGlobals) = postSolution
		SolutionGuid = {A1509727-0661-4978-BD45-4E58A75EE8FB}
	EndGlobalSection
EndGlobal
